
Microsoft Visual Studio Solution File, Format Version 12.00
# Visual Studio Version 16
VisualStudioVersion = 16.0.30907.101
MinimumVisualStudioVersion = 10.0.40219.1
Project("{FAE04EC0-301F-11D3-BF4B-00C04F79EFBC}") = "ClassesOnly", "ClassesOnly\ClassesOnly.csproj", "{24C30EB4-5087-484D-8A47-5BDEC03021B0}"
EndProject
Project("{FAE04EC0-301F-11D3-BF4B-00C04F79EFBC}") = "DemonstracaoWinForms", "DemonstracaoWinForms\DemonstracaoWinForms.csproj", "{528D3EF0-4CE4-4A8B-B81B-C8C0422DD11C}"
EndProject
Global
	GlobalSection(SolutionConfigurationPlatforms) = preSolution
		Debug|Any CPU = Debug|Any CPU
		Release|Any CPU = Release|Any CPU
	EndGlobalSection
	GlobalSection(ProjectConfigurationPlatforms) = postSolution
		{24C30EB4-5087-484D-8A47-5BDEC03021B0}.Debug|Any CPU.ActiveCfg = Debug|Any CPU
		{24C30EB4-5087-484D-8A47-5BDEC03021B0}.Debug|Any CPU.Build.0 = Debug|Any CPU
		{24C30EB4-5087-484D-8A47-5BDEC03021B0}.Release|Any CPU.ActiveCfg = Release|Any CPU
		{24C30EB4-5087-484D-8A47-5BDEC03021B0}.Release|Any CPU.Build.0 = Release|Any CPU
		{528D3EF0-4CE4-4A8B-B81B-C8C0422DD11C}.Debug|Any CPU.ActiveCfg = Debug|Any CPU
		{528D3EF0-4CE4-4A8B-B81B-C8C0422DD11C}.Debug|Any CPU.Build.0 = Debug|Any CPU
		{528D3EF0-4CE4-4A8B-B81B-C8C0422DD11C}.Release|Any CPU.ActiveCfg = Release|Any CPU
		{528D3EF0-4CE4-4A8B-B81B-C8C0422DD11C}.Release|Any CPU.Build.0 = Release|Any CPU
	EndGlobalSection
	GlobalSection(SolutionProperties) = preSolution
		HideSolutionNode = FALSE
	EndGlobalSection
	GlobalSection(ExtensibilityGlobals) = postSolution
		SolutionGuid = {D4337127-A261-4930-9A98-5718EF3CFFA7}
	EndGlobalSection
EndGlobal
